
Microsoft Visual Studio Solution File, Format Version 12.00
# Visual Studio Version 17
VisualStudioVersion = 17.14.36623.8 d17.14
MinimumVisualStudioVersion = 10.0.40219.1
Project("{F2A71F9B-5D33-465A-A702-920D77279786}") = "exercises", "exercises.fsproj", "{F81EBE48-2699-4D9C-89E7-EE28D4D2EC59}"
EndProject
Global
	GlobalSection(SolutionConfigurationPlatforms) = preSolution
		Debug|Any CPU = Debug|Any CPU
		Release|Any CPU = Release|Any CPU
	EndGlobalSection
	GlobalSection(ProjectConfigurationPlatforms) = postSolution
		{F81EBE48-2699-4D9C-89E7-EE28D4D2EC59}.Debug|Any CPU.ActiveCfg = Debug|Any CPU
		{F81EBE48-2699-4D9C-89E7-EE28D4D2EC59}.Debug|Any CPU.Build.0 = Debug|Any CPU
		{F81EBE48-2699-4D9C-89E7-EE28D4D2EC59}.Release|Any CPU.ActiveCfg = Release|Any CPU
		{F81EBE48-2699-4D9C-89E7-EE28D4D2EC59}.Release|Any CPU.Build.0 = Release|Any CPU
	EndGlobalSection
	GlobalSection(SolutionProperties) = preSolution
		HideSolutionNode = FALSE
	EndGlobalSection
	GlobalSection(ExtensibilityGlobals) = postSolution
		SolutionGuid = {19FFAB09-8407-48B6-92C5-D1F3E805CF40}
	EndGlobalSection
EndGlobal
